// !$*UTF8*$!
{
	archiveVersion = 1;
	classes = {
	};
	objectVersion = 46;
	objects = {

/* Begin PBXBuildFile section */
		EF0F3D551CB452FA00D9CA42 /* AppDelegate.swift in Sources */ = {isa = PBXBuildFile; fileRef = EF0F3D541CB452FA00D9CA42 /* AppDelegate.swift */; };
		EF0F3D571CB452FA00D9CA42 /* ViewController.swift in Sources */ = {isa = PBXBuildFile; fileRef = EF0F3D561CB452FA00D9CA42 /* ViewController.swift */; };
		EF0F3D5A1CB452FA00D9CA42 /* Main.storyboard in Resources */ = {isa = PBXBuildFile; fileRef = EF0F3D581CB452FA00D9CA42 /* Main.storyboard */; };
		EF0F3D5C1CB452FA00D9CA42 /* Assets.xcassets in Resources */ = {isa = PBXBuildFile; fileRef = EF0F3D5B1CB452FA00D9CA42 /* Assets.xcassets */; };
		EF0F3D5F1CB452FA00D9CA42 /* LaunchScreen.storyboard in Resources */ = {isa = PBXBuildFile; fileRef = EF0F3D5D1CB452FA00D9CA42 /* LaunchScreen.storyboard */; };
		EF0F3D6A1CB452FA00D9CA42 /* PenToolTests.swift in Sources */ = {isa = PBXBuildFile; fileRef = EF0F3D691CB452FA00D9CA42 /* PenToolTests.swift */; };
		EF0F3D751CB452FA00D9CA42 /* PenToolUITests.swift in Sources */ = {isa = PBXBuildFile; fileRef = EF0F3D741CB452FA00D9CA42 /* PenToolUITests.swift */; };
/* End PBXBuildFile section */

/* Begin PBXContainerItemProxy section */
		EF0F3D661CB452FA00D9CA42 /* PBXContainerItemProxy */ = {
			isa = PBXContainerItemProxy;
			containerPortal = EF0F3D491CB452FA00D9CA42 /* Project object */;
			proxyType = 1;
			remoteGlobalIDString = EF0F3D501CB452FA00D9CA42;
			remoteInfo = PenTool;
		};
		EF0F3D711CB452FA00D9CA42 /* PBXContainerItemProxy */ = {
			isa = PBXContainerItemProxy;
			containerPortal = EF0F3D491CB452FA00D9CA42 /* Project object */;
			proxyType = 1;
			remoteGlobalIDString = EF0F3D501CB452FA00D9CA42;
			remoteInfo = PenTool;
		};
/* End PBXContainerItemProxy section */

/* Begin PBXFileReference section */
		EF0F3D511CB452FA00D9CA42 /* PenTool.app */ = {isa = PBXFileReference; explicitFileType = wrapper.application; includeInIndex = 0; path = PenTool.app; sourceTree = BUILT_PRODUCTS_DIR; };
		EF0F3D541CB452FA00D9CA42 /* AppDelegate.swift */ = {isa = PBXFileReference; lastKnownFileType = sourcecode.swift; path = AppDelegate.swift; sourceTree = "<group>"; };
		EF0F3D561CB452FA00D9CA42 /* ViewController.swift */ = {isa = PBXFileReference; lastKnownFileType = sourcecode.swift; path = ViewController.swift; sourceTree = "<group>"; };
		EF0F3D591CB452FA00D9CA42 /* Base */ = {isa = PBXFileReference; lastKnownFileType = file.storyboard; name = Base; path = Base.lproj/Main.storyboard; sourceTree = "<group>"; };
		EF0F3D5B1CB452FA00D9CA42 /* Assets.xcassets */ = {isa = PBXFileReference; lastKnownFileType = folder.assetcatalog; path = Assets.xcassets; sourceTree = "<group>"; };
		EF0F3D5E1CB452FA00D9CA42 /* Base */ = {isa = PBXFileReference; lastKnownFileType = file.storyboard; name = Base; path = Base.lproj/LaunchScreen.storyboard; sourceTree = "<group>"; };
		EF0F3D601CB452FA00D9CA42 /* Info.plist */ = {isa = PBXFileReference; lastKnownFileType = text.plist.xml; path = Info.plist; sourceTree = "<group>"; };
		EF0F3D651CB452FA00D9CA42 /* PenToolTests.xctest */ = {isa = PBXFileReference; explicitFileType = wrapper.cfbundle; includeInIndex = 0; path = PenToolTests.xctest; sourceTree = BUILT_PRODUCTS_DIR; };
		EF0F3D691CB452FA00D9CA42 /* PenToolTests.swift */ = {isa = PBXFileReference; lastKnownFileType = sourcecode.swift; path = PenToolTests.swift; sourceTree = "<group>"; };
		EF0F3D6B1CB452FA00D9CA42 /* Info.plist */ = {isa = PBXFileReference; lastKnownFileType = text.plist.xml; path = Info.plist; sourceTree = "<group>"; };
		EF0F3D701CB452FA00D9CA42 /* PenToolUITests.xctest */ = {isa = PBXFileReference; explicitFileType = wrapper.cfbundle; includeInIndex = 0; path = PenToolUITests.xctest; sourceTree = BUILT_PRODUCTS_DIR; };
		EF0F3D741CB452FA00D9CA42 /* PenToolUITests.swift */ = {isa = PBXFileReference; lastKnownFileType = sourcecode.swift; path = PenToolUITests.swift; sourceTree = "<group>"; };
		EF0F3D761CB452FA00D9CA42 /* Info.plist */ = {isa = PBXFileReference; lastKnownFileType = text.plist.xml; path = Info.plist; sourceTree = "<group>"; };
/* End PBXFileReference section */

/* Begin PBXFrameworksBuildPhase section */
		EF0F3D4E1CB452FA00D9CA42 /* Frameworks */ = {
			isa = PBXFrameworksBuildPhase;
			buildActionMask = 2147483647;
			files = (
			);
			runOnlyForDeploymentPostprocessing = 0;
		};
		EF0F3D621CB452FA00D9CA42 /* Frameworks */ = {
			isa = PBXFrameworksBuildPhase;
			buildActionMask = 2147483647;
			files = (
			);
			runOnlyForDeploymentPostprocessing = 0;
		};
		EF0F3D6D1CB452FA00D9CA42 /* Frameworks */ = {
			isa = PBXFrameworksBuildPhase;
			buildActionMask = 2147483647;
			files = (
			);
			runOnlyForDeploymentPostprocessing = 0;
		};
/* End PBXFrameworksBuildPhase section */

/* Begin PBXGroup section */
		EF0F3D481CB452FA00D9CA42 = {
			isa = PBXGroup;
			children = (
				EF0F3D531CB452FA00D9CA42 /* PenTool */,
				EF0F3D681CB452FA00D9CA42 /* PenToolTests */,
				EF0F3D731CB452FA00D9CA42 /* PenToolUITests */,
				EF0F3D521CB452FA00D9CA42 /* Products */,
			);
			sourceTree = "<group>";
		};
		EF0F3D521CB452FA00D9CA42 /* Products */ = {
			isa = PBXGroup;
			children = (
				EF0F3D511CB452FA00D9CA42 /* PenTool.app */,
				EF0F3D651CB452FA00D9CA42 /* PenToolTests.xctest */,
				EF0F3D701CB452FA00D9CA42 /* PenToolUITests.xctest */,
			);
			name = Products;
			sourceTree = "<group>";
		};
		EF0F3D531CB452FA00D9CA42 /* PenTool */ = {
			isa = PBXGroup;
			children = (
				EF0F3D541CB452FA00D9CA42 /* AppDelegate.swift */,
				EF0F3D561CB452FA00D9CA42 /* ViewController.swift */,
				EF0F3D581CB452FA00D9CA42 /* Main.storyboard */,
				EF0F3D5B1CB452FA00D9CA42 /* Assets.xcassets */,
				EF0F3D5D1CB452FA00D9CA42 /* LaunchScreen.storyboard */,
				EF0F3D601CB452FA00D9CA42 /* Info.plist */,
			);
			path = PenTool;
			sourceTree = "<group>";
		};
		EF0F3D681CB452FA00D9CA42 /* PenToolTests */ = {
			isa = PBXGroup;
			children = (
				EF0F3D691CB452FA00D9CA42 /* PenToolTests.swift */,
				EF0F3D6B1CB452FA00D9CA42 /* Info.plist */,
			);
			path = PenToolTests;
			sourceTree = "<group>";
		};
		EF0F3D731CB452FA00D9CA42 /* PenToolUITests */ = {
			isa = PBXGroup;
			children = (
				EF0F3D741CB452FA00D9CA42 /* PenToolUITests.swift */,
				EF0F3D761CB452FA00D9CA42 /* Info.plist */,
			);
			path = PenToolUITests;
			sourceTree = "<group>";
		};
/* End PBXGroup section */

/* Begin PBXNativeTarget section */
		EF0F3D501CB452FA00D9CA42 /* PenTool */ = {
			isa = PBXNativeTarget;
			buildConfigurationList = EF0F3D791CB452FA00D9CA42 /* Build configuration list for PBXNativeTarget "PenTool" */;
			buildPhases = (
				EF0F3D4D1CB452FA00D9CA42 /* Sources */,
				EF0F3D4E1CB452FA00D9CA42 /* Frameworks */,
				EF0F3D4F1CB452FA00D9CA42 /* Resources */,
			);
			buildRules = (
			);
			dependencies = (
			);
			name = PenTool;
			productName = PenTool;
			productReference = EF0F3D511CB452FA00D9CA42 /* PenTool.app */;
			productType = "com.apple.product-type.application";
		};
		EF0F3D641CB452FA00D9CA42 /* PenToolTests */ = {
			isa = PBXNativeTarget;
			buildConfigurationList = EF0F3D7C1CB452FA00D9CA42 /* Build configuration list for PBXNativeTarget "PenToolTests" */;
			buildPhases = (
				EF0F3D611CB452FA00D9CA42 /* Sources */,
				EF0F3D621CB452FA00D9CA42 /* Frameworks */,
				EF0F3D631CB452FA00D9CA42 /* Resources */,
			);
			buildRules = (
			);
			dependencies = (
				EF0F3D671CB452FA00D9CA42 /* PBXTargetDependency */,
			);
			name = PenToolTests;
			productName = PenToolTests;
			productReference = EF0F3D651CB452FA00D9CA42 /* PenToolTests.xctest */;
			productType = "com.apple.product-type.bundle.unit-test";
		};
		EF0F3D6F1CB452FA00D9CA42 /* PenToolUITests */ = {
			isa = PBXNativeTarget;
			buildConfigurationList = EF0F3D7F1CB452FA00D9CA42 /* Build configuration list for PBXNativeTarget "PenToolUITests" */;
			buildPhases = (
				EF0F3D6C1CB452FA00D9CA42 /* Sources */,
				EF0F3D6D1CB452FA00D9CA42 /* Frameworks */,
				EF0F3D6E1CB452FA00D9CA42 /* Resources */,
			);
			buildRules = (
			);
			dependencies = (
				EF0F3D721CB452FA00D9CA42 /* PBXTargetDependency */,
			);
			name = PenToolUITests;
			productName = PenToolUITests;
			productReference = EF0F3D701CB452FA00D9CA42 /* PenToolUITests.xctest */;
			productType = "com.apple.product-type.bundle.ui-testing";
		};
/* End PBXNativeTarget section */

/* Begin PBXProject section */
		EF0F3D491CB452FA00D9CA42 /* Project object */ = {
			isa = PBXProject;
			attributes = {
				LastSwiftUpdateCheck = 0730;
				LastUpgradeCheck = 0730;
				ORGANIZATIONNAME = Cola;
				TargetAttributes = {
					EF0F3D501CB452FA00D9CA42 = {
						CreatedOnToolsVersion = 7.3;
						DevelopmentTeam = 92HNMCXW2D;
					};
					EF0F3D641CB452FA00D9CA42 = {
						CreatedOnToolsVersion = 7.3;
						TestTargetID = EF0F3D501CB452FA00D9CA42;
					};
					EF0F3D6F1CB452FA00D9CA42 = {
						CreatedOnToolsVersion = 7.3;
						TestTargetID = EF0F3D501CB452FA00D9CA42;
					};
				};
			};
			buildConfigurationList = EF0F3D4C1CB452FA00D9CA42 /* Build configuration list for PBXProject "PenTool" */;
			compatibilityVersion = "Xcode 3.2";
			developmentRegion = English;
			hasScannedForEncodings = 0;
			knownRegions = (
				en,
				Base,
			);
			mainGroup = EF0F3D481CB452FA00D9CA42;
			productRefGroup = EF0F3D521CB452FA00D9CA42 /* Products */;
			projectDirPath = "";
			projectRoot = "";
			targets = (
				EF0F3D501CB452FA00D9CA42 /* PenTool */,
				EF0F3D641CB452FA00D9CA42 /* PenToolTests */,
				EF0F3D6F1CB452FA00D9CA42 /* PenToolUITests */,
			);
		};
/* End PBXProject section */

/* Begin PBXResourcesBuildPhase section */
		EF0F3D4F1CB452FA00D9CA42 /* Resources */ = {
			isa = PBXResourcesBuildPhase;
			buildActionMask = 2147483647;
			files = (
				EF0F3D5F1CB452FA00D9CA42 /* LaunchScreen.storyboard in Resources */,
				EF0F3D5C1CB452FA00D9CA42 /* Assets.xcassets in Resources */,
				EF0F3D5A1CB452FA00D9CA42 /* Main.storyboard in Resources */,
			);
			runOnlyForDeploymentPostprocessing = 0;
		};
		EF0F3D631CB452FA00D9CA42 /* Resources */ = {
			isa = PBXResourcesBuildPhase;
			buildActionMask = 2147483647;
			files = (
			);
			runOnlyForDeploymentPostprocessing = 0;
		};
		EF0F3D6E1CB452FA00D9CA42 /* Resources */ = {
			isa = PBXResourcesBuildPhase;
			buildActionMask = 2147483647;
			files = (
			);
			runOnlyForDeploymentPostprocessing = 0;
		};
/* End PBXResourcesBuildPhase section */

/* Begin PBXSourcesBuildPhase section */
		EF0F3D4D1CB452FA00D9CA42 /* Sources */ = {
			isa = PBXSourcesBuildPhase;
			buildActionMask = 2147483647;
			files = (
				EF0F3D571CB452FA00D9CA42 /* ViewController.swift in Sources */,
				EF0F3D551CB452FA00D9CA42 /* AppDelegate.swift in Sources */,
			);
			runOnlyForDeploymentPostprocessing = 0;
		};
		EF0F3D611CB452FA00D9CA42 /* Sources */ = {
			isa = PBXSourcesBuildPhase;
			buildActionMask = 2147483647;
			files = (
				EF0F3D6A1CB452FA00D9CA42 /* PenToolTests.swift in Sources */,
			);
			runOnlyForDeploymentPostprocessing = 0;
		};
		EF0F3D6C1CB452FA00D9CA42 /* Sources */ = {
			isa = PBXSourcesBuildPhase;
			buildActionMask = 2147483647;
			files = (
				EF0F3D751CB452FA00D9CA42 /* PenToolUITests.swift in Sources */,
			);
			runOnlyForDeploymentPostprocessing = 0;
		};
/* End PBXSourcesBuildPhase section */

/* Begin PBXTargetDependency section */
		EF0F3D671CB452FA00D9CA42 /* PBXTargetDependency */ = {
			isa = PBXTargetDependency;
			target = EF0F3D501CB452FA00D9CA42 /* PenTool */;
			targetProxy = EF0F3D661CB452FA00D9CA42 /* PBXContainerItemProxy */;
		};
		EF0F3D721CB452FA00D9CA42 /* PBXTargetDependency */ = {
			isa = PBXTargetDependency;
			target = EF0F3D501CB452FA00D9CA42 /* PenTool */;
			targetProxy = EF0F3D711CB452FA00D9CA42 /* PBXContainerItemProxy */;
		};
/* End PBXTargetDependency section */

/* Begin PBXVariantGroup section */
		EF0F3D581CB452FA00D9CA42 /* Main.storyboard */ = {
			isa = PBXVariantGroup;
			children = (
				EF0F3D591CB452FA00D9CA42 /* Base */,
			);
			name = Main.storyboard;
			sourceTree = "<group>";
		};
		EF0F3D5D1CB452FA00D9CA42 /* LaunchScreen.storyboard */ = {
			isa = PBXVariantGroup;
			children = (
				EF0F3D5E1CB452FA00D9CA42 /* Base */,
			);
			name = LaunchScreen.storyboard;
			sourceTree = "<group>";
		};
/* End PBXVariantGroup section */

/* Begin XCBuildConfiguration section */
		EF0F3D771CB452FA00D9CA42 /* Debug */ = {
			isa = XCBuildConfiguration;
			buildSettings = {
				ALWAYS_SEARCH_USER_PATHS = NO;
				CLANG_ANALYZER_NONNULL = YES;
				CLANG_CXX_LANGUAGE_STANDARD = "gnu++0x";
				CLANG_CXX_LIBRARY = "libc++";
				CLANG_ENABLE_MODULES = YES;
				CLANG_ENABLE_OBJC_ARC = YES;
				CLANG_WARN_BOOL_CONVERSION = YES;
				CLANG_WARN_CONSTANT_CONVERSION = YES;
				CLANG_WARN_DIRECT_OBJC_ISA_USAGE = YES_ERROR;
				CLANG_WARN_EMPTY_BODY = YES;
				CLANG_WARN_ENUM_CONVERSION = YES;
				CLANG_WARN_INT_CONVERSION = YES;
				CLANG_WARN_OBJC_ROOT_CLASS = YES_ERROR;
				CLANG_WARN_UNREACHABLE_CODE = YES;
				CLANG_WARN__DUPLICATE_METHOD_MATCH = YES;
				"CODE_SIGN_IDENTITY[sdk=iphoneos*]" = "iPhone Developer";
				COPY_PHASE_STRIP = NO;
				DEBUG_INFORMATION_FORMAT = dwarf;
				ENABLE_STRICT_OBJC_MSGSEND = YES;
				ENABLE_TESTABILITY = YES;
				GCC_C_LANGUAGE_STANDARD = gnu99;
				GCC_DYNAMIC_NO_PIC = NO;
				GCC_NO_COMMON_BLOCKS = YES;
				GCC_OPTIMIZATION_LEVEL = 0;
				GCC_PREPROCESSOR_DEFINITIONS = (
					"DEBUG=1",
					"$(inherited)",
				);
				GCC_WARN_64_TO_32_BIT_CONVERSION = YES;
				GCC_WARN_ABOUT_RETURN_TYPE = YES_ERROR;
				GCC_WARN_UNDECLARED_SELECTOR = YES;
				GCC_WARN_UNINITIALIZED_AUTOS = YES_AGGRESSIVE;
				GCC_WARN_UNUSED_FUNCTION = YES;
				GCC_WARN_UNUSED_VARIABLE = YES;
				IPHONEOS_DEPLOYMENT_TARGET = 9.3;
				MTL_ENABLE_DEBUG_INFO = YES;
				ONLY_ACTIVE_ARCH = YES;
				SDKROOT = iphoneos;
				SWIFT_OPTIMIZATION_LEVEL = "-Onone";
			};
			name = Debug;
		};
		EF0F3D781CB452FA00D9CA42 /* Release */ = {
			isa = XCBuildConfiguration;
			buildSettings = {
				ALWAYS_SEARCH_USER_PATHS = NO;
				CLANG_ANALYZER_NONNULL = YES;
				CLANG_CXX_LANGUAGE_STANDARD = "gnu++0x";
				CLANG_CXX_LIBRARY = "libc++";
				CLANG_ENABLE_MODULES = YES;
				CLANG_ENABLE_OBJC_ARC = YES;
				CLANG_WARN_BOOL_CONVERSION = YES;
				CLANG_WARN_CONSTANT_CONVERSION = YES;
				CLANG_WARN_DIRECT_OBJC_ISA_USAGE = YES_ERROR;
				CLANG_WARN_EMPTY_BODY = YES;
				CLANG_WARN_ENUM_CONVERSION = YES;
				CLANG_WARN_INT_CONVERSION = YES;
				CLANG_WARN_OBJC_ROOT_CLASS = YES_ERROR;
				CLANG_WARN_UNREACHABLE_CODE = YES;
				CLANG_WARN__DUPLICATE_METHOD_MATCH = YES;
				"CODE_SIGN_IDENTITY[sdk=iphoneos*]" = "iPhone Developer";
				COPY_PHASE_STRIP = NO;
				DEBUG_INFORMATION_FORMAT = "dwarf-with-dsym";
				ENABLE_NS_ASSERTIONS = NO;
				ENABLE_STRICT_OBJC_MSGSEND = YES;
				GCC_C_LANGUAGE_STANDARD = gnu99;
				GCC_NO_COMMON_BLOCKS = YES;
				GCC_WARN_64_TO_32_BIT_CONVERSION = YES;
				GCC_WARN_ABOUT_RETURN_TYPE = YES_ERROR;
				GCC_WARN_UNDECLARED_SELECTOR = YES;
				GCC_WARN_UNINITIALIZED_AUTOS = YES_AGGRESSIVE;
				GCC_WARN_UNUSED_FUNCTION = YES;
				GCC_WARN_UNUSED_VARIABLE = YES;
				IPHONEOS_DEPLOYMENT_TARGET = 9.3;
				MTL_ENABLE_DEBUG_INFO = NO;
				SDKROOT = iphoneos;
				VALIDATE_PRODUCT = YES;
			};
			name = Release;
		};
		EF0F3D7A1CB452FA00D9CA42 /* Debug */ = {
			isa = XCBuildConfiguration;
			buildSettings = {
				ASSETCATALOG_COMPILER_APPICON_NAME = AppIcon;
				CODE_SIGN_IDENTITY = "iPhone Developer";
				"CODE_SIGN_IDENTITY[sdk=iphoneos*]" = "iPhone Developer";
				INFOPLIST_FILE = PenTool/Info.plist;
				LD_RUNPATH_SEARCH_PATHS = "$(inherited) @executable_path/Frameworks";
				PRODUCT_BUNDLE_IDENTIFIER = ColaLee.PenTool;
				PRODUCT_NAME = "$(TARGET_NAME)";
				PROVISIONING_PROFILE = "";
			};
			name = Debug;
		};
		EF0F3D7B1CB452FA00D9CA42 /* Release */ = {
			isa = XCBuildConfiguration;
			buildSettings = {
				ASSETCATALOG_COMPILER_APPICON_NAME = AppIcon;
				CODE_SIGN_IDENTITY = "iPhone Developer";
				"CODE_SIGN_IDENTITY[sdk=iphoneos*]" = "iPhone Developer";
				INFOPLIST_FILE = PenTool/Info.plist;
				LD_RUNPATH_SEARCH_PATHS = "$(inherited) @executable_path/Frameworks";
				PRODUCT_BUNDLE_IDENTIFIER = ColaLee.PenTool;
				PRODUCT_NAME = "$(TARGET_NAME)";
				PROVISIONING_PROFILE = "";
			};
			name = Release;
		};
		EF0F3D7D1CB452FA00D9CA42 /* Debug */ = {
			isa = XCBuildConfiguration;
			buildSettings = {
				BUNDLE_LOADER = "$(TEST_HOST)";
				INFOPLIST_FILE = PenToolTests/Info.plist;
				LD_RUNPATH_SEARCH_PATHS = "$(inherited) @executable_path/Frameworks @loader_path/Frameworks";
				PRODUCT_BUNDLE_IDENTIFIER = ColaLee.PenToolTests;
				PRODUCT_NAME = "$(TARGET_NAME)";
				TEST_HOST = "$(BUILT_PRODUCTS_DIR)/PenTool.app/PenTool";
			};
			name = Debug;
		};
		EF0F3D7E1CB452FA00D9CA42 /* Release */ = {
			isa = XCBuildConfiguration;
			buildSettings = {
				BUNDLE_LOADER = "$(TEST_HOST)";
				INFOPLIST_FILE = PenToolTests/Info.plist;
				LD_RUNPATH_SEARCH_PATHS = "$(inherited) @executable_path/Frameworks @loader_path/Frameworks";
				PRODUCT_BUNDLE_IDENTIFIER = ColaLee.PenToolTests;
				PRODUCT_NAME = "$(TARGET_NAME)";
				TEST_HOST = "$(BUILT_PRODUCTS_DIR)/PenTool.app/PenTool";
			};
			name = Release;
		};
		EF0F3D801CB452FA00D9CA42 /* Debug */ = {
			isa = XCBuildConfiguration;
			buildSettings = {
				INFOPLIST_FILE = PenToolUITests/Info.plist;
				LD_RUNPATH_SEARCH_PATHS = "$(inherited) @executable_path/Frameworks @loader_path/Frameworks";
				PRODUCT_BUNDLE_IDENTIFIER = ColaLee.PenToolUITests;
				PRODUCT_NAME = "$(TARGET_NAME)";
				TEST_TARGET_NAME = PenTool;
			};
			name = Debug;
		};
		EF0F3D811CB452FA00D9CA42 /* Release */ = {
			isa = XCBuildConfiguration;
			buildSettings = {
				INFOPLIST_FILE = PenToolUITests/Info.plist;
				LD_RUNPATH_SEARCH_PATHS = "$(inherited) @executable_path/Frameworks @loader_path/Frameworks";
				PRODUCT_BUNDLE_IDENTIFIER = ColaLee.PenToolUITests;
				PRODUCT_NAME = "$(TARGET_NAME)";
				TEST_TARGET_NAME = PenTool;
			};
			name = Release;
		};
/* End XCBuildConfiguration section */

/* Begin XCConfigurationList section */
		EF0F3D4C1CB452FA00D9CA42 /* Build configuration list for PBXProject "PenTool" */ = {
			isa = XCConfigurationList;
			buildConfigurations = (
				EF0F3D771CB452FA00D9CA42 /* Debug */,
				EF0F3D781CB452FA00D9CA42 /* Release */,
			);
			defaultConfigurationIsVisible = 0;
			defaultConfigurationName = Release;
		};
		EF0F3D791CB452FA00D9CA42 /* Build configuration list for PBXNativeTarget "PenTool" */ = {
			isa = XCConfigurationList;
			buildConfigurations = (
				EF0F3D7A1CB452FA00D9CA42 /* Debug */,
				EF0F3D7B1CB452FA00D9CA42 /* Release */,
			);
			defaultConfigurationIsVisible = 0;
			defaultConfigurationName = Release;
		};
		EF0F3D7C1CB452FA00D9CA42 /* Build configuration list for PBXNativeTarget "PenToolTests" */ = {
			isa = XCConfigurationList;
			buildConfigurations = (
				EF0F3D7D1CB452FA00D9CA42 /* Debug */,
				EF0F3D7E1CB452FA00D9CA42 /* Release */,
			);
			defaultConfigurationIsVisible = 0;
			defaultConfigurationName = Release;
		};
		EF0F3D7F1CB452FA00D9CA42 /* Build configuration list for PBXNativeTarget "PenToolUITests" */ = {
			isa = XCConfigurationList;
			buildConfigurations = (
				EF0F3D801CB452FA00D9CA42 /* Debug */,
				EF0F3D811CB452FA00D9CA42 /* Release */,
			);
			defaultConfigurationIsVisible = 0;
			defaultConfigurationName = Release;
		};
/* End XCConfigurationList section */
	};
	rootObject = EF0F3D491CB452FA00D9CA42 /* Project object */;
}
